
Microsoft Visual Studio Solution File, Format Version 12.00
# Visual Studio Version 16
VisualStudioVersion = 16.0.30804.86
MinimumVisualStudioVersion = 10.0.40219.1
Project("{FAE04EC0-301F-11D3-BF4B-00C04F79EFBC}") = "triangulation", "triangulation\triangulation.csproj", "{1959971F-1D04-4214-9E78-533D0CBE2AC8}"
EndProject
Global
	GlobalSection(SolutionConfigurationPlatforms) = preSolution
		Debug|Any CPU = Debug|Any CPU
		Release|Any CPU = Release|Any CPU
	EndGlobalSection
	GlobalSection(ProjectConfigurationPlatforms) = postSolution
		{1959971F-1D04-4214-9E78-533D0CBE2AC8}.Debug|Any CPU.ActiveCfg = Debug|Any CPU
		{1959971F-1D04-4214-9E78-533D0CBE2AC8}.Debug|Any CPU.Build.0 = Debug|Any CPU
		{1959971F-1D04-4214-9E78-533D0CBE2AC8}.Release|Any CPU.ActiveCfg = Release|Any CPU
		{1959971F-1D04-4214-9E78-533D0CBE2AC8}.Release|Any CPU.Build.0 = Release|Any CPU
	EndGlobalSection
	GlobalSection(SolutionProperties) = preSolution
		HideSolutionNode = FALSE
	EndGlobalSection
	GlobalSection(ExtensibilityGlobals) = postSolution
		SolutionGuid = {3A180710-43B4-40C6-BFD7-BE5ACBEFE9FB}
	EndGlobalSection
EndGlobal
